
Microsoft Visual Studio Solution File, Format Version 12.00
# Visual Studio Version 16
VisualStudioVersion = 16.0.30011.22
MinimumVisualStudioVersion = 10.0.40219.1
Project("{9A19103F-16F7-4668-BE54-9A1E7A4F7556}") = "Dublicates", "SecondEx\Dublicates.csproj", "{35D2720A-0CF9-44FD-9294-658C1D6A2A82}"
EndProject
Global
	GlobalSection(SolutionConfigurationPlatforms) = preSolution
		Debug|Any CPU = Debug|Any CPU
		Release|Any CPU = Release|Any CPU
	EndGlobalSection
	GlobalSection(ProjectConfigurationPlatforms) = postSolution
		{35D2720A-0CF9-44FD-9294-658C1D6A2A82}.Debug|Any CPU.ActiveCfg = Debug|Any CPU
		{35D2720A-0CF9-44FD-9294-658C1D6A2A82}.Debug|Any CPU.Build.0 = Debug|Any CPU
		{35D2720A-0CF9-44FD-9294-658C1D6A2A82}.Release|Any CPU.ActiveCfg = Release|Any CPU
		{35D2720A-0CF9-44FD-9294-658C1D6A2A82}.Release|Any CPU.Build.0 = Release|Any CPU
	EndGlobalSection
	GlobalSection(SolutionProperties) = preSolution
		HideSolutionNode = FALSE
	EndGlobalSection
	GlobalSection(ExtensibilityGlobals) = postSolution
		SolutionGuid = {63D7057F-D499-463B-8AF6-14D2413015B4}
	EndGlobalSection
EndGlobal
